{
  "version": "5",
  "specifiers": {
    "jsr:@hono/hono@^4.6.10": "4.12.15"
  },
  "jsr": {
    "@hono/hono@4.12.15": {
      "integrity": "06a0aef73d9072e73b8db570b81a5b56a94095d697578202a87fccdf04ce352d"
    }
  },
  "workspace": {
    "dependencies": [
      "jsr:@hono/hono@^4.6.10"
    ]
  }
}
